
Microsoft Visual Studio Solution File, Format Version 12.00
# Visual Studio 15
VisualStudioVersion = 15.0.26730.10
MinimumVisualStudioVersion = 10.0.40219.1
Project("{FAE04EC0-301F-11D3-BF4B-00C04F79EFBC}") = "StartUp", "StartUp\StartUp.csproj", "{CDA0F28B-C29B-4730-845D-6B9F3AECB700}"
EndProject
Global
	GlobalSection(SolutionConfigurationPlatforms) = preSolution
		Debug|Any CPU = Debug|Any CPU
		Release|Any CPU = Release|Any CPU
	EndGlobalSection
	GlobalSection(ProjectConfigurationPlatforms) = postSolution
		{CDA0F28B-C29B-4730-845D-6B9F3AECB700}.Debug|Any CPU.ActiveCfg = Debug|Any CPU
		{CDA0F28B-C29B-4730-845D-6B9F3AECB700}.Debug|Any CPU.Build.0 = Debug|Any CPU
		{CDA0F28B-C29B-4730-845D-6B9F3AECB700}.Release|Any CPU.ActiveCfg = Release|Any CPU
		{CDA0F28B-C29B-4730-845D-6B9F3AECB700}.Release|Any CPU.Build.0 = Release|Any CPU
	EndGlobalSection
	GlobalSection(SolutionProperties) = preSolution
		HideSolutionNode = FALSE
	EndGlobalSection
	GlobalSection(ExtensibilityGlobals) = postSolution
		SolutionGuid = {E8F976E9-48B3-4402-85F7-8B666CE43403}
	EndGlobalSection
EndGlobal
